PODS:
  - Alamofire (4.7.0)
  - Socket.IO-Client-Swift (10.0.1)
  - SwiftyJSON (4.0.0)

DEPENDENCIES:
  - Alamofire
  - Socket.IO-Client-Swift (~> 10.0.1)
  - SwiftyJSON

SPEC CHECKSUMS:
  Alamofire: 907e0a98eb68cdb7f9d1f541a563d6ac5dc77b25
  Socket.IO-Client-Swift: f6553633ba6a01df8f1c8b583ec36560901e9de6
  SwiftyJSON: 070dabdcb1beb81b247c65ffa3a79dbbfb3b48aa

PODFILE CHECKSUM: 2ec2e711852de87a511e30f94181db17b6b57499

COCOAPODS: 1.4.0
